{
  "name": "awesome-localdb-acebase-javascript",
  "version": "0.1.0",
  "lockfileVersion": 3,
  "requires": true,
  "packages": {
    "": {
      "name": "awesome-localdb-acebase-javascript",
      "version": "0.1.0",
      "dependencies": {
        "acebase": "^1.29.11"
      },
      "engines": {
        "node": ">=18.0.0"
      }
    },
    "node_modules/acebase": {
      "version": "1.29.11",
      "resolved": "https://registry.npmjs.org/acebase/-/acebase-1.29.11.tgz",
      "integrity": "sha512-h4rgYVZhqyPDn7SqPhl9JtsiHpej734/+3EEVVkSIafM/4s5AqQe05/I94Y9tdyOLlh+05zXgV7R4sAQlDmxIg==",
      "funding": [
        {
          "type": "GitHub sponsoring",
          "url": "https://github.com/sponsors/appy-one"
        },
        {
          "type": "Buy me coffee",
          "url": "https://www.buymeacoffee.com/appyone"
        },
        {
          "type": "PayPal",
          "url": "https://paypal.me/theappyone"
        }
      ],
      "license": "MIT",
      "dependencies": {
        "acebase-core": "^1.28.1",
        "unidecode": "^0.1.8"
      }
    },
    "node_modules/acebase-core": {
      "version": "1.28.1",
      "resolved": "https://registry.npmjs.org/acebase-core/-/acebase-core-1.28.1.tgz",
      "integrity": "sha512-WfYdG3aeZag+p+wXgKpVNfu9FubuZenW5VDPtUP/qIlac1io+AWuctI5JNuG/plNkpNaTJjujoeTE9z6+Y3HnQ==",
      "license": "MIT",
      "optionalDependencies": {
        "rxjs": ">= 5.x <= 7.x"
      }
    },
    "node_modules/rxjs": {
      "version": "7.8.2",
      "resolved": "https://registry.npmjs.org/rxjs/-/rxjs-7.8.2.tgz",
      "integrity": "sha512-dhKf903U/PQZY6boNNtAGdWbG85WAbjT/1xYoZIC7FAY0yWapOBQVsVrDl58W86//e1VpMNBtRV4MaXfdMySFA==",
      "license": "Apache-2.0",
      "optional": true,
      "dependencies": {
        "tslib": "^2.1.0"
      }
    },
    "node_modules/tslib": {
      "version": "2.8.1",
      "resolved": "https://registry.npmjs.org/tslib/-/tslib-2.8.1.tgz",
      "integrity": "sha512-oJFu94HQb+KVduSUQL7wnpmqnfmLsOA/nAh6b6EH0wCEoK0/mPeXU6c3wKDV83MkOuHPRHtSXKKU99IBazS/2w==",
      "license": "0BSD",
      "optional": true
    },
    "node_modules/unidecode": {
      "version": "0.1.8",
      "resolved": "https://registry.npmjs.org/unidecode/-/unidecode-0.1.8.tgz",
      "integrity": "sha512-SdoZNxCWpN2tXTCrGkPF/0rL2HEq+i2gwRG1ReBvx8/0yTzC3enHfugOf8A9JBShVwwrRIkLX0YcDUGbzjbVCA==",
      "engines": {
        "node": ">= 0.4.12"
      }
    }
  }
}
